
Microsoft Visual Studio Solution File, Format Version 12.00
# Visual Studio 15
VisualStudioVersion = 15.0.28307.2017
MinimumVisualStudioVersion = 10.0.40219.1
Project("{FAE04EC0-301F-11D3-BF4B-00C04F79EFBC}") = "Auth", "Auth\Auth.csproj", "{58407EAE-7A68-4947-8E26-52F49DF19550}"
EndProject
Global
	GlobalSection(SolutionConfigurationPlatforms) = preSolution
		Debug|Any CPU = Debug|Any CPU
		Release|Any CPU = Release|Any CPU
	EndGlobalSection
	GlobalSection(ProjectConfigurationPlatforms) = postSolution
		{58407EAE-7A68-4947-8E26-52F49DF19550}.Debug|Any CPU.ActiveCfg = Debug|Any CPU
		{58407EAE-7A68-4947-8E26-52F49DF19550}.Debug|Any CPU.Build.0 = Debug|Any CPU
		{58407EAE-7A68-4947-8E26-52F49DF19550}.Release|Any CPU.ActiveCfg = Release|Any CPU
		{58407EAE-7A68-4947-8E26-52F49DF19550}.Release|Any CPU.Build.0 = Release|Any CPU
	EndGlobalSection
	GlobalSection(SolutionProperties) = preSolution
		HideSolutionNode = FALSE
	EndGlobalSection
	GlobalSection(ExtensibilityGlobals) = postSolution
		SolutionGuid = {529BD0CB-49A3-461B-9350-285B3D09A04B}
	EndGlobalSection
EndGlobal
